
Microsoft Visual Studio Solution File, Format Version 12.00
# Visual Studio 14
VisualStudioVersion = 14.0.25123.0
MinimumVisualStudioVersion = 10.0.40219.1
Project("{FAE04EC0-301F-11D3-BF4B-00C04F79EFBC}") = "KomtSnor", "KomtSnor\KomtSnor.csproj", "{67589C75-7581-4325-8439-813ACECB33E8}"
EndProject
Project("{FAE04EC0-301F-11D3-BF4B-00C04F79EFBC}") = "KomtSnor.Tests", "KomtSnor.Tests\KomtSnor.Tests.csproj", "{B2D7EF45-7403-43B0-9AD1-4E60DFFFDE13}"
EndProject
Global
	GlobalSection(SolutionConfigurationPlatforms) = preSolution
		Debug|Any CPU = Debug|Any CPU
		Release|Any CPU = Release|Any CPU
	EndGlobalSection
	GlobalSection(ProjectConfigurationPlatforms) = postSolution
		{67589C75-7581-4325-8439-813ACECB33E8}.Debug|Any CPU.ActiveCfg = Debug|Any CPU
		{67589C75-7581-4325-8439-813ACECB33E8}.Debug|Any CPU.Build.0 = Debug|Any CPU
		{67589C75-7581-4325-8439-813ACECB33E8}.Release|Any CPU.ActiveCfg = Release|Any CPU
		{67589C75-7581-4325-8439-813ACECB33E8}.Release|Any CPU.Build.0 = Release|Any CPU
		{B2D7EF45-7403-43B0-9AD1-4E60DFFFDE13}.Debug|Any CPU.ActiveCfg = Debug|Any CPU
		{B2D7EF45-7403-43B0-9AD1-4E60DFFFDE13}.Debug|Any CPU.Build.0 = Debug|Any CPU
		{B2D7EF45-7403-43B0-9AD1-4E60DFFFDE13}.Release|Any CPU.ActiveCfg = Release|Any CPU
		{B2D7EF45-7403-43B0-9AD1-4E60DFFFDE13}.Release|Any CPU.Build.0 = Release|Any CPU
	EndGlobalSection
	GlobalSection(SolutionProperties) = preSolution
		HideSolutionNode = FALSE
	EndGlobalSection
EndGlobal
